{
    "_readme": [
        "This file locks the dependencies of your project to a known state",
        "Read more about it at https://getcomposer.org/doc/01-basic-usage.md#composer-lock-the-lock-file",
        "This file is @generated automatically"
    ],
    "content-hash": "97a16882e44c6dc8805f39cbb74c061b",
    "packages": [
        {
            "name": "turncypher/composer-dependence-one",
            "version": "dev-master",
            "source": {
                "type": "git",
                "url": "https://github.com/turncypher/composer-dependence-one.git",
                "reference": "2be331eafd098b986936cce918e1666a7e1c73d4"
            },
            "dist": {
                "type": "zip",
                "url": "https://api.github.com/repos/turncypher/composer-dependence-one/zipball/2be331eafd098b986936cce918e1666a7e1c73d4",
                "reference": "2be331eafd098b986936cce918e1666a7e1c73d4",
                "shasum": ""
            },
            "type": "library",
            "autoload": {
                "psr-4": {
                    "DependenceOne\\": "src/"
                }
            },
            "authors": [
                {
                    "name": "turncypher",
                    "email": "turncypher@gmail.com"
                }
            ],
            "support": {
                "source": "https://github.com/turncypher/composer-dependence-one/tree/master",
                "issues": "https://github.com/turncypher/composer-dependence-one/issues"
            },
            "time": "2017-11-22T04:01:53+00:00"
        },
        {
            "name": "turncypher/composer-dependence-two",
            "version": "dev-master",
            "source": {
                "type": "git",
                "url": "https://github.com/turncypher/composer-dependence-two.git",
                "reference": "0456257789e3c6af43a42f159985c9bdc0db5628"
            },
            "dist": {
                "type": "zip",
                "url": "https://files.phpcomposer.com/files/turncypher/composer-dependence-two/0456257789e3c6af43a42f159985c9bdc0db5628.zip",
                "reference": "0456257789e3c6af43a42f159985c9bdc0db5628",
                "shasum": ""
            },
            "type": "library",
            "autoload": {
                "psr-4": {
                    "DependenceTwo\\": "src/"
                }
            },
            "notification-url": "https://packagist.org/downloads/",
            "authors": [
                {
                    "name": "turncypher",
                    "email": "turncypher@gmail.com"
                }
            ],
            "time": "2017-11-22T04:50:35+00:00"
        }
    ],
    "packages-dev": [],
    "aliases": [],
    "minimum-stability": "dev",
    "stability-flags": {
        "turncypher/composer-dependence-one": 20,
        "turncypher/composer-dependence-two": 20
    },
    "prefer-stable": false,
    "prefer-lowest": false,
    "platform": [],
    "platform-dev": []
}
